
Microsoft Visual Studio Solution File, Format Version 12.00
# Visual Studio Version 17
VisualStudioVersion = 17.0.31903.59
MinimumVisualStudioVersion = 10.0.40219.1
Project("{FAE04EC0-301F-11D3-BF4B-00C04F79EFBC}") = "CodiceFiscale", "CodiceFiscale\CodiceFiscale.csproj", "{52CA3B78-DFF5-4397-9458-0129FA8783A8}"
EndProject
Project("{FAE04EC0-301F-11D3-BF4B-00C04F79EFBC}") = "CodiceFiscaleTest", "CodiceFiscaleTest\CodiceFiscaleTest.csproj", "{CDBF3C29-531B-473B-AB1D-7CFB94D5AE52}"
EndProject
Global
	GlobalSection(SolutionConfigurationPlatforms) = preSolution
		Debug|Any CPU = Debug|Any CPU
		Release|Any CPU = Release|Any CPU
	EndGlobalSection
	GlobalSection(SolutionProperties) = preSolution
		HideSolutionNode = FALSE
	EndGlobalSection
	GlobalSection(ProjectConfigurationPlatforms) = postSolution
		{52CA3B78-DFF5-4397-9458-0129FA8783A8}.Debug|Any CPU.ActiveCfg = Debug|Any CPU
		{52CA3B78-DFF5-4397-9458-0129FA8783A8}.Debug|Any CPU.Build.0 = Debug|Any CPU
		{52CA3B78-DFF5-4397-9458-0129FA8783A8}.Release|Any CPU.ActiveCfg = Release|Any CPU
		{52CA3B78-DFF5-4397-9458-0129FA8783A8}.Release|Any CPU.Build.0 = Release|Any CPU
		{CDBF3C29-531B-473B-AB1D-7CFB94D5AE52}.Debug|Any CPU.ActiveCfg = Debug|Any CPU
		{CDBF3C29-531B-473B-AB1D-7CFB94D5AE52}.Debug|Any CPU.Build.0 = Debug|Any CPU
		{CDBF3C29-531B-473B-AB1D-7CFB94D5AE52}.Release|Any CPU.ActiveCfg = Release|Any CPU
		{CDBF3C29-531B-473B-AB1D-7CFB94D5AE52}.Release|Any CPU.Build.0 = Release|Any CPU
	EndGlobalSection
EndGlobal
